{
  "name": "ajs_3_2",
  "version": "1.0.0",
  "lockfileVersion": 1,
  "requires": true,
  "dependencies": {
    "@nikitashalimov/ajs_3_1": {
      "version": "1.0.0",
      "resolved": "https://npm.pkg.github.com/download/@nikitashalimov/ajs_3_1/1.0.0/56df8104b53a429a2ab8f58939cddf8f7adafb7dba454c2c5714b7c47ae13a98",
      "integrity": "sha512-7UCATsqwE3I5bXmNmQZ85d4BjWobLHHxjEXS6zDHf6tmhVKT1IYhAh5uXaPfBXKURx/aPmJIqHW1ptD9STJUMg=="
    }
  }
}
